// !$*UTF8*$!
{
	archiveVersion = 1;
	classes = {
	};
	objectVersion = 51;
	objects = {

/* Begin PBXBuildFile section */
		2E956EC4CD67B2960235CFB9 /* Pods_ParstagramTests.framework in Frameworks */ = {isa = PBXBuildFile; fileRef = 3F18A97047DE1392F691EF2E /* Pods_ParstagramTests.framework */; };
		4203A1F82562D7ED003C3189 /* AppDelegate.swift in Sources */ = {isa = PBXBuildFile; fileRef = 4203A1F72562D7ED003C3189 /* AppDelegate.swift */; };
		4203A1FA2562D7ED003C3189 /* SceneDelegate.swift in Sources */ = {isa = PBXBuildFile; fileRef = 4203A1F92562D7ED003C3189 /* SceneDelegate.swift */; };
		4203A1FF2562D7ED003C3189 /* Main.storyboard in Resources */ = {isa = PBXBuildFile; fileRef = 4203A1FD2562D7ED003C3189 /* Main.storyboard */; };
		4203A2012562D7EE003C3189 /* Assets.xcassets in Resources */ = {isa = PBXBuildFile; fileRef = 4203A2002562D7EE003C3189 /* Assets.xcassets */; };
		4203A2042562D7EE003C3189 /* LaunchScreen.storyboard in Resources */ = {isa = PBXBuildFile; fileRef = 4203A2022562D7EE003C3189 /* LaunchScreen.storyboard */; };
		4203A20F2562D7EE003C3189 /* ParstagramTests.swift in Sources */ = {isa = PBXBuildFile; fileRef = 4203A20E2562D7EE003C3189 /* ParstagramTests.swift */; };
		4203A21A2562D7EE003C3189 /* ParstagramUITests.swift in Sources */ = {isa = PBXBuildFile; fileRef = 4203A2192562D7EE003C3189 /* ParstagramUITests.swift */; };
		4203A23A2563047E003C3189 /* LoginViewController.swift in Sources */ = {isa = PBXBuildFile; fileRef = 4203A2392563047E003C3189 /* LoginViewController.swift */; };
		4203A23F25630493003C3189 /* FeedViewController.swift in Sources */ = {isa = PBXBuildFile; fileRef = 4203A23E25630493003C3189 /* FeedViewController.swift */; };
		4203A24F25632276003C3189 /* CameraViewController.swift in Sources */ = {isa = PBXBuildFile; fileRef = 4203A24E25632276003C3189 /* CameraViewController.swift */; };
		4203A25425632DC7003C3189 /* PostCell.swift in Sources */ = {isa = PBXBuildFile; fileRef = 4203A25325632DC7003C3189 /* PostCell.swift */; };
		8ED34D3229926547369ABD25 /* Pods_Parstagram_ParstagramUITests.framework in Frameworks */ = {isa = PBXBuildFile; fileRef = 829EC3142CA519D2E8FBC8C4 /* Pods_Parstagram_ParstagramUITests.framework */; };
		C8F99AE5BA6CD3967F7B8B7A /* Pods_Parstagram.framework in Frameworks */ = {isa = PBXBuildFile; fileRef = A0BABCBE3FAACD439D1F6CC4 /* Pods_Parstagram.framework */; };
/* End PBXBuildFile section */

/* Begin PBXContainerItemProxy section */
		4203A20B2562D7EE003C3189 /* PBXContainerItemProxy */ = {
			isa = PBXContainerItemProxy;
			containerPortal = 4203A1EC2562D7ED003C3189 /* Project object */;
			proxyType = 1;
			remoteGlobalIDString = 4203A1F32562D7ED003C3189;
			remoteInfo = Parstagram;
		};
		4203A2162562D7EE003C3189 /* PBXContainerItemProxy */ = {
			isa = PBXContainerItemProxy;
			containerPortal = 4203A1EC2562D7ED003C3189 /* Project object */;
			proxyType = 1;
			remoteGlobalIDString = 4203A1F32562D7ED003C3189;
			remoteInfo = Parstagram;
		};
/* End PBXContainerItemProxy section */

/* Begin PBXFileReference section */
		0ED1BD2D5CD8ACD5140BBEA2 /* Pods-Parstagram-ParstagramUITests.release.xcconfig */ = {isa = PBXFileReference; includeInIndex = 1; lastKnownFileType = text.xcconfig; name = "Pods-Parstagram-ParstagramUITests.release.xcconfig"; path = "Target Support Files/Pods-Parstagram-ParstagramUITests/Pods-Parstagram-ParstagramUITests.release.xcconfig"; sourceTree = "<group>"; };
		324E9A2BC6F3CB5D53070EEE /* Pods-Parstagram.debug.xcconfig */ = {isa = PBXFileReference; includeInIndex = 1; lastKnownFileType = text.xcconfig; name = "Pods-Parstagram.debug.xcconfig"; path = "Target Support Files/Pods-Parstagram/Pods-Parstagram.debug.xcconfig"; sourceTree = "<group>"; };
		3F18A97047DE1392F691EF2E /* Pods_ParstagramTests.framework */ = {isa = PBXFileReference; explicitFileType = wrapper.framework; includeInIndex = 0; path = Pods_ParstagramTests.framework; sourceTree = BUILT_PRODUCTS_DIR; };
		4203A1F42562D7ED003C3189 /* Parstagram.app */ = {isa = PBXFileReference; explicitFileType = wrapper.application; includeInIndex = 0; path = Parstagram.app; sourceTree = BUILT_PRODUCTS_DIR; };
		4203A1F72562D7ED003C3189 /* AppDelegate.swift */ = {isa = PBXFileReference; lastKnownFileType = sourcecode.swift; path = AppDelegate.swift; sourceTree = "<group>"; };
		4203A1F92562D7ED003C3189 /* SceneDelegate.swift */ = {isa = PBXFileReference; lastKnownFileType = sourcecode.swift; path = SceneDelegate.swift; sourceTree = "<group>"; };
		4203A1FE2562D7ED003C3189 /* Base */ = {isa = PBXFileReference; lastKnownFileType = file.storyboard; name = Base; path = Base.lproj/Main.storyboard; sourceTree = "<group>"; };
		4203A2002562D7EE003C3189 /* Assets.xcassets */ = {isa = PBXFileReference; lastKnownFileType = folder.assetcatalog; path = Assets.xcassets; sourceTree = "<group>"; };
		4203A2032562D7EE003C3189 /* Base */ = {isa = PBXFileReference; lastKnownFileType = file.storyboard; name = Base; path = Base.lproj/LaunchScreen.storyboard; sourceTree = "<group>"; };
		4203A2052562D7EE003C3189 /* Info.plist */ = {isa = PBXFileReference; lastKnownFileType = text.plist.xml; path = Info.plist; sourceTree = "<group>"; };
		4203A20A2562D7EE003C3189 /* ParstagramTests.xctest */ = {isa = PBXFileReference; explicitFileType = wrapper.cfbundle; includeInIndex = 0; path = ParstagramTests.xctest; sourceTree = BUILT_PRODUCTS_DIR; };
		4203A20E2562D7EE003C3189 /* ParstagramTests.swift */ = {isa = PBXFileReference; lastKnownFileType = sourcecode.swift; path = ParstagramTests.swift; sourceTree = "<group>"; };
		4203A2102562D7EE003C3189 /* Info.plist */ = {isa = PBXFileReference; lastKnownFileType = text.plist.xml; path = Info.plist; sourceTree = "<group>"; };
		4203A2152562D7EE003C3189 /* ParstagramUITests.xctest */ = {isa = PBXFileReference; explicitFileType = wrapper.cfbundle; includeInIndex = 0; path = ParstagramUITests.xctest; sourceTree = BUILT_PRODUCTS_DIR; };
		4203A2192562D7EE003C3189 /* ParstagramUITests.swift */ = {isa = PBXFileReference; lastKnownFileType = sourcecode.swift; path = ParstagramUITests.swift; sourceTree = "<group>"; };
		4203A21B2562D7EE003C3189 /* Info.plist */ = {isa = PBXFileReference; lastKnownFileType = text.plist.xml; path = Info.plist; sourceTree = "<group>"; };
		4203A2392563047E003C3189 /* LoginViewController.swift */ = {isa = PBXFileReference; lastKnownFileType = sourcecode.swift; path = LoginViewController.swift; sourceTree = "<group>"; };
		4203A23E25630493003C3189 /* FeedViewController.swift */ = {isa = PBXFileReference; lastKnownFileType = sourcecode.swift; path = FeedViewController.swift; sourceTree = "<group>"; };
		4203A24E25632276003C3189 /* CameraViewController.swift */ = {isa = PBXFileReference; lastKnownFileType = sourcecode.swift; path = CameraViewController.swift; sourceTree = "<group>"; };
		4203A25325632DC7003C3189 /* PostCell.swift */ = {isa = PBXFileReference; lastKnownFileType = sourcecode.swift; path = PostCell.swift; sourceTree = "<group>"; };
		6842358CE1C763AD5D326A09 /* Pods-ParstagramTests.debug.xcconfig */ = {isa = PBXFileReference; includeInIndex = 1; lastKnownFileType = text.xcconfig; name = "Pods-ParstagramTests.debug.xcconfig"; path = "Target Support Files/Pods-ParstagramTests/Pods-ParstagramTests.debug.xcconfig"; sourceTree = "<group>"; };
		812072C96368E063022F6CE2 /* Pods-Parstagram-ParstagramUITests.debug.xcconfig */ = {isa = PBXFileReference; includeInIndex = 1; lastKnownFileType = text.xcconfig; name = "Pods-Parstagram-ParstagramUITests.debug.xcconfig"; path = "Target Support Files/Pods-Parstagram-ParstagramUITests/Pods-Parstagram-ParstagramUITests.debug.xcconfig"; sourceTree = "<group>"; };
		829EC3142CA519D2E8FBC8C4 /* Pods_Parstagram_ParstagramUITests.framework */ = {isa = PBXFileReference; explicitFileType = wrapper.framework; includeInIndex = 0; path = Pods_Parstagram_ParstagramUITests.framework; sourceTree = BUILT_PRODUCTS_DIR; };
		89D0261EB2E701C39E2645F3 /* Pods-ParstagramTests.release.xcconfig */ = {isa = PBXFileReference; includeInIndex = 1; lastKnownFileType = text.xcconfig; name = "Pods-ParstagramTests.release.xcconfig"; path = "Target Support Files/Pods-ParstagramTests/Pods-ParstagramTests.release.xcconfig"; sourceTree = "<group>"; };
		A0BABCBE3FAACD439D1F6CC4 /* Pods_Parstagram.framework */ = {isa = PBXFileReference; explicitFileType = wrapper.framework; includeInIndex = 0; path = Pods_Parstagram.framework; sourceTree = BUILT_PRODUCTS_DIR; };
		C84C4AF4E7A0B3675BEBE9D8 /* Pods-Parstagram.release.xcconfig */ = {isa = PBXFileReference; includeInIndex = 1; lastKnownFileType = text.xcconfig; name = "Pods-Parstagram.release.xcconfig"; path = "Target Support Files/Pods-Parstagram/Pods-Parstagram.release.xcconfig"; sourceTree = "<group>"; };
/* End PBXFileReference section */

/* Begin PBXFrameworksBuildPhase section */
		4203A1F12562D7ED003C3189 /* Frameworks */ = {
			isa = PBXFrameworksBuildPhase;
			buildActionMask = 2147483647;
			files = (
				C8F99AE5BA6CD3967F7B8B7A /* Pods_Parstagram.framework in Frameworks */,
			);
			runOnlyForDeploymentPostprocessing = 0;
		};
		4203A2072562D7EE003C3189 /* Frameworks */ = {
			isa = PBXFrameworksBuildPhase;
			buildActionMask = 2147483647;
			files = (
				2E956EC4CD67B2960235CFB9 /* Pods_ParstagramTests.framework in Frameworks */,
			);
			runOnlyForDeploymentPostprocessing = 0;
		};
		4203A2122562D7EE003C3189 /* Frameworks */ = {
			isa = PBXFrameworksBuildPhase;
			buildActionMask = 2147483647;
			files = (
				8ED34D3229926547369ABD25 /* Pods_Parstagram_ParstagramUITests.framework in Frameworks */,
			);
			runOnlyForDeploymentPostprocessing = 0;
		};
/* End PBXFrameworksBuildPhase section */

/* Begin PBXGroup section */
		4203A1EB2562D7ED003C3189 = {
			isa = PBXGroup;
			children = (
				4203A1F62562D7ED003C3189 /* Parstagram */,
				4203A20D2562D7EE003C3189 /* ParstagramTests */,
				4203A2182562D7EE003C3189 /* ParstagramUITests */,
				4203A1F52562D7ED003C3189 /* Products */,
				F333DE2C0973122BEF18C6D0 /* Pods */,
				A66E74F4ACB8A96F4F8C7E37 /* Frameworks */,
			);
			sourceTree = "<group>";
		};
		4203A1F52562D7ED003C3189 /* Products */ = {
			isa = PBXGroup;
			children = (
				4203A1F42562D7ED003C3189 /* Parstagram.app */,
				4203A20A2562D7EE003C3189 /* ParstagramTests.xctest */,
				4203A2152562D7EE003C3189 /* ParstagramUITests.xctest */,
			);
			name = Products;
			sourceTree = "<group>";
		};
		4203A1F62562D7ED003C3189 /* Parstagram */ = {
			isa = PBXGroup;
			children = (
				4203A1F72562D7ED003C3189 /* AppDelegate.swift */,
				4203A1F92562D7ED003C3189 /* SceneDelegate.swift */,
				4203A1FD2562D7ED003C3189 /* Main.storyboard */,
				4203A2002562D7EE003C3189 /* Assets.xcassets */,
				4203A2022562D7EE003C3189 /* LaunchScreen.storyboard */,
				4203A2052562D7EE003C3189 /* Info.plist */,
				4203A2392563047E003C3189 /* LoginViewController.swift */,
				4203A23E25630493003C3189 /* FeedViewController.swift */,
				4203A24E25632276003C3189 /* CameraViewController.swift */,
				4203A25325632DC7003C3189 /* PostCell.swift */,
			);
			path = Parstagram;
			sourceTree = "<group>";
		};
		4203A20D2562D7EE003C3189 /* ParstagramTests */ = {
			isa = PBXGroup;
			children = (
				4203A20E2562D7EE003C3189 /* ParstagramTests.swift */,
				4203A2102562D7EE003C3189 /* Info.plist */,
			);
			path = ParstagramTests;
			sourceTree = "<group>";
		};
		4203A2182562D7EE003C3189 /* ParstagramUITests */ = {
			isa = PBXGroup;
			children = (
				4203A2192562D7EE003C3189 /* ParstagramUITests.swift */,
				4203A21B2562D7EE003C3189 /* Info.plist */,
			);
			path = ParstagramUITests;
			sourceTree = "<group>";
		};
		A66E74F4ACB8A96F4F8C7E37 /* Frameworks */ = {
			isa = PBXGroup;
			children = (
				A0BABCBE3FAACD439D1F6CC4 /* Pods_Parstagram.framework */,
				829EC3142CA519D2E8FBC8C4 /* Pods_Parstagram_ParstagramUITests.framework */,
				3F18A97047DE1392F691EF2E /* Pods_ParstagramTests.framework */,
			);
			name = Frameworks;
			sourceTree = "<group>";
		};
		F333DE2C0973122BEF18C6D0 /* Pods */ = {
			isa = PBXGroup;
			children = (
				324E9A2BC6F3CB5D53070EEE /* Pods-Parstagram.debug.xcconfig */,
				C84C4AF4E7A0B3675BEBE9D8 /* Pods-Parstagram.release.xcconfig */,
				812072C96368E063022F6CE2 /* Pods-Parstagram-ParstagramUITests.debug.xcconfig */,
				0ED1BD2D5CD8ACD5140BBEA2 /* Pods-Parstagram-ParstagramUITests.release.xcconfig */,
				6842358CE1C763AD5D326A09 /* Pods-ParstagramTests.debug.xcconfig */,
				89D0261EB2E701C39E2645F3 /* Pods-ParstagramTests.release.xcconfig */,
			);
			path = Pods;
			sourceTree = "<group>";
		};
/* End PBXGroup section */

/* Begin PBXNativeTarget section */
		4203A1F32562D7ED003C3189 /* Parstagram */ = {
			isa = PBXNativeTarget;
			buildConfigurationList = 4203A21E2562D7EE003C3189 /* Build configuration list for PBXNativeTarget "Parstagram" */;
			buildPhases = (
				8218D005C0429340E48A1CAA /* [CP] Check Pods Manifest.lock */,
				4203A1F02562D7ED003C3189 /* Sources */,
				4203A1F12562D7ED003C3189 /* Frameworks */,
				4203A1F22562D7ED003C3189 /* Resources */,
				9131708EA41D5B537C2F2166 /* [CP] Embed Pods Frameworks */,
			);
			buildRules = (
			);
			dependencies = (
			);
			name = Parstagram;
			productName = Parstagram;
			productReference = 4203A1F42562D7ED003C3189 /* Parstagram.app */;
			productType = "com.apple.product-type.application";
		};
		4203A2092562D7EE003C3189 /* ParstagramTests */ = {
			isa = PBXNativeTarget;
			buildConfigurationList = 4203A2212562D7EE003C3189 /* Build configuration list for PBXNativeTarget "ParstagramTests" */;
			buildPhases = (
				8E4725DC2DDB02F8B2C2146D /* [CP] Check Pods Manifest.lock */,
				4203A2062562D7EE003C3189 /* Sources */,
				4203A2072562D7EE003C3189 /* Frameworks */,
				4203A2082562D7EE003C3189 /* Resources */,
			);
			buildRules = (
			);
			dependencies = (
				4203A20C2562D7EE003C3189 /* PBXTargetDependency */,
			);
			name = ParstagramTests;
			productName = ParstagramTests;
			productReference = 4203A20A2562D7EE003C3189 /* ParstagramTests.xctest */;
			productType = "com.apple.product-type.bundle.unit-test";
		};
		4203A2142562D7EE003C3189 /* ParstagramUITests */ = {
			isa = PBXNativeTarget;
			buildConfigurationList = 4203A2242562D7EE003C3189 /* Build configuration list for PBXNativeTarget "ParstagramUITests" */;
			buildPhases = (
				C54A6F22C2F9CF29EB13291D /* [CP] Check Pods Manifest.lock */,
				4203A2112562D7EE003C3189 /* Sources */,
				4203A2122562D7EE003C3189 /* Frameworks */,
				4203A2132562D7EE003C3189 /* Resources */,
				E85610A2A456BC4DEFD952A0 /* [CP] Embed Pods Frameworks */,
			);
			buildRules = (
			);
			dependencies = (
				4203A2172562D7EE003C3189 /* PBXTargetDependency */,
			);
			name = ParstagramUITests;
			productName = ParstagramUITests;
			productReference = 4203A2152562D7EE003C3189 /* ParstagramUITests.xctest */;
			productType = "com.apple.product-type.bundle.ui-testing";
		};
/* End PBXNativeTarget section */

/* Begin PBXProject section */
		4203A1EC2562D7ED003C3189 /* Project object */ = {
			isa = PBXProject;
			attributes = {
				LastSwiftUpdateCheck = 1210;
				LastUpgradeCheck = 1210;
				TargetAttributes = {
					4203A1F32562D7ED003C3189 = {
						CreatedOnToolsVersion = 12.1;
					};
					4203A2092562D7EE003C3189 = {
						CreatedOnToolsVersion = 12.1;
						TestTargetID = 4203A1F32562D7ED003C3189;
					};
					4203A2142562D7EE003C3189 = {
						CreatedOnToolsVersion = 12.1;
						TestTargetID = 4203A1F32562D7ED003C3189;
					};
				};
			};
			buildConfigurationList = 4203A1EF2562D7ED003C3189 /* Build configuration list for PBXProject "Parstagram" */;
			compatibilityVersion = "Xcode 9.3";
			developmentRegion = en;
			hasScannedForEncodings = 0;
			knownRegions = (
				en,
				Base,
			);
			mainGroup = 4203A1EB2562D7ED003C3189;
			productRefGroup = 4203A1F52562D7ED003C3189 /* Products */;
			projectDirPath = "";
			projectRoot = "";
			targets = (
				4203A1F32562D7ED003C3189 /* Parstagram */,
				4203A2092562D7EE003C3189 /* ParstagramTests */,
				4203A2142562D7EE003C3189 /* ParstagramUITests */,
			);
		};
/* End PBXProject section */

/* Begin PBXResourcesBuildPhase section */
		4203A1F22562D7ED003C3189 /* Resources */ = {
			isa = PBXResourcesBuildPhase;
			buildActionMask = 2147483647;
			files = (
				4203A2042562D7EE003C3189 /* LaunchScreen.storyboard in Resources */,
				4203A2012562D7EE003C3189 /* Assets.xcassets in Resources */,
				4203A1FF2562D7ED003C3189 /* Main.storyboard in Resources */,
			);
			runOnlyForDeploymentPostprocessing = 0;
		};
		4203A2082562D7EE003C3189 /* Resources */ = {
			isa = PBXResourcesBuildPhase;
			buildActionMask = 2147483647;
			files = (
			);
			runOnlyForDeploymentPostprocessing = 0;
		};
		4203A2132562D7EE003C3189 /* Resources */ = {
			isa = PBXResourcesBuildPhase;
			buildActionMask = 2147483647;
			files = (
			);
			runOnlyForDeploymentPostprocessing = 0;
		};
/* End PBXResourcesBuildPhase section */

/* Begin PBXShellScriptBuildPhase section */
		8218D005C0429340E48A1CAA /* [CP] Check Pods Manifest.lock */ = {
			isa = PBXShellScriptBuildPhase;
			buildActionMask = 2147483647;
			files = (
			);
			inputFileListPaths = (
			);
			inputPaths = (
				"${PODS_PODFILE_DIR_PATH}/Podfile.lock",
				"${PODS_ROOT}/Manifest.lock",
			);
			name = "[CP] Check Pods Manifest.lock";
			outputFileListPaths = (
			);
			outputPaths = (
				"$(DERIVED_FILE_DIR)/Pods-Parstagram-checkManifestLockResult.txt",
			);
			runOnlyForDeploymentPostprocessing = 0;
			shellPath = /bin/sh;
			shellScript = "diff \"${PODS_PODFILE_DIR_PATH}/Podfile.lock\" \"${PODS_ROOT}/Manifest.lock\" > /dev/null\nif [ $? != 0 ] ; then\n    # print error to STDERR\n    echo \"error: The sandbox is not in sync with the Podfile.lock. Run 'pod install' or update your CocoaPods installation.\" >&2\n    exit 1\nfi\n# This output is used by Xcode 'outputs' to avoid re-running this script phase.\necho \"SUCCESS\" > \"${SCRIPT_OUTPUT_FILE_0}\"\n";
			showEnvVarsInLog = 0;
		};
		8E4725DC2DDB02F8B2C2146D /* [CP] Check Pods Manifest.lock */ = {
			isa = PBXShellScriptBuildPhase;
			buildActionMask = 2147483647;
			files = (
			);
			inputFileListPaths = (
			);
			inputPaths = (
				"${PODS_PODFILE_DIR_PATH}/Podfile.lock",
				"${PODS_ROOT}/Manifest.lock",
			);
			name = "[CP] Check Pods Manifest.lock";
			outputFileListPaths = (
			);
			outputPaths = (
				"$(DERIVED_FILE_DIR)/Pods-ParstagramTests-checkManifestLockResult.txt",
			);
			runOnlyForDeploymentPostprocessing = 0;
			shellPath = /bin/sh;
			shellScript = "diff \"${PODS_PODFILE_DIR_PATH}/Podfile.lock\" \"${PODS_ROOT}/Manifest.lock\" > /dev/null\nif [ $? != 0 ] ; then\n    # print error to STDERR\n    echo \"error: The sandbox is not in sync with the Podfile.lock. Run 'pod install' or update your CocoaPods installation.\" >&2\n    exit 1\nfi\n# This output is used by Xcode 'outputs' to avoid re-running this script phase.\necho \"SUCCESS\" > \"${SCRIPT_OUTPUT_FILE_0}\"\n";
			showEnvVarsInLog = 0;
		};
		9131708EA41D5B537C2F2166 /* [CP] Embed Pods Frameworks */ = {
			isa = PBXShellScriptBuildPhase;
			buildActionMask = 2147483647;
			files = (
			);
			inputFileListPaths = (
				"${PODS_ROOT}/Target Support Files/Pods-Parstagram/Pods-Parstagram-frameworks-${CONFIGURATION}-input-files.xcfilelist",
			);
			name = "[CP] Embed Pods Frameworks";
			outputFileListPaths = (
				"${PODS_ROOT}/Target Support Files/Pods-Parstagram/Pods-Parstagram-frameworks-${CONFIGURATION}-output-files.xcfilelist",
			);
			runOnlyForDeploymentPostprocessing = 0;
			shellPath = /bin/sh;
			shellScript = "\"${PODS_ROOT}/Target Support Files/Pods-Parstagram/Pods-Parstagram-frameworks.sh\"\n";
			showEnvVarsInLog = 0;
		};
		C54A6F22C2F9CF29EB13291D /* [CP] Check Pods Manifest.lock */ = {
			isa = PBXShellScriptBuildPhase;
			buildActionMask = 2147483647;
			files = (
			);
			inputFileListPaths = (
			);
			inputPaths = (
				"${PODS_PODFILE_DIR_PATH}/Podfile.lock",
				"${PODS_ROOT}/Manifest.lock",
			);
			name = "[CP] Check Pods Manifest.lock";
			outputFileListPaths = (
			);
			outputPaths = (
				"$(DERIVED_FILE_DIR)/Pods-Parstagram-ParstagramUITests-checkManifestLockResult.txt",
			);
			runOnlyForDeploymentPostprocessing = 0;
			shellPath = /bin/sh;
			shellScript = "diff \"${PODS_PODFILE_DIR_PATH}/Podfile.lock\" \"${PODS_ROOT}/Manifest.lock\" > /dev/null\nif [ $? != 0 ] ; then\n    # print error to STDERR\n    echo \"error: The sandbox is not in sync with the Podfile.lock. Run 'pod install' or update your CocoaPods installation.\" >&2\n    exit 1\nfi\n# This output is used by Xcode 'outputs' to avoid re-running this script phase.\necho \"SUCCESS\" > \"${SCRIPT_OUTPUT_FILE_0}\"\n";
			showEnvVarsInLog = 0;
		};
		E85610A2A456BC4DEFD952A0 /* [CP] Embed Pods Frameworks */ = {
			isa = PBXShellScriptBuildPhase;
			buildActionMask = 2147483647;
			files = (
			);
			inputFileListPaths = (
				"${PODS_ROOT}/Target Support Files/Pods-Parstagram-ParstagramUITests/Pods-Parstagram-ParstagramUITests-frameworks-${CONFIGURATION}-input-files.xcfilelist",
			);
			name = "[CP] Embed Pods Frameworks";
			outputFileListPaths = (
				"${PODS_ROOT}/Target Support Files/Pods-Parstagram-ParstagramUITests/Pods-Parstagram-ParstagramUITests-frameworks-${CONFIGURATION}-output-files.xcfilelist",
			);
			runOnlyForDeploymentPostprocessing = 0;
			shellPath = /bin/sh;
			shellScript = "\"${PODS_ROOT}/Target Support Files/Pods-Parstagram-ParstagramUITests/Pods-Parstagram-ParstagramUITests-frameworks.sh\"\n";
			showEnvVarsInLog = 0;
		};
/* End PBXShellScriptBuildPhase section */

/* Begin PBXSourcesBuildPhase section */
		4203A1F02562D7ED003C3189 /* Sources */ = {
			isa = PBXSourcesBuildPhase;
			buildActionMask = 2147483647;
			files = (
				4203A23A2563047E003C3189 /* LoginViewController.swift in Sources */,
				4203A24F25632276003C3189 /* CameraViewController.swift in Sources */,
				4203A1F82562D7ED003C3189 /* AppDelegate.swift in Sources */,
				4203A23F25630493003C3189 /* FeedViewController.swift in Sources */,
				4203A1FA2562D7ED003C3189 /* SceneDelegate.swift in Sources */,
				4203A25425632DC7003C3189 /* PostCell.swift in Sources */,
			);
			runOnlyForDeploymentPostprocessing = 0;
		};
		4203A2062562D7EE003C3189 /* Sources */ = {
			isa = PBXSourcesBuildPhase;
			buildActionMask = 2147483647;
			files = (
				4203A20F2562D7EE003C3189 /* ParstagramTests.swift in Sources */,
			);
			runOnlyForDeploymentPostprocessing = 0;
		};
		4203A2112562D7EE003C3189 /* Sources */ = {
			isa = PBXSourcesBuildPhase;
			buildActionMask = 2147483647;
			files = (
				4203A21A2562D7EE003C3189 /* ParstagramUITests.swift in Sources */,
			);
			runOnlyForDeploymentPostprocessing = 0;
		};
/* End PBXSourcesBuildPhase section */

/* Begin PBXTargetDependency section */
		4203A20C2562D7EE003C3189 /* PBXTargetDependency */ = {
			isa = PBXTargetDependency;
			target = 4203A1F32562D7ED003C3189 /* Parstagram */;
			targetProxy = 4203A20B2562D7EE003C3189 /* PBXContainerItemProxy */;
		};
		4203A2172562D7EE003C3189 /* PBXTargetDependency */ = {
			isa = PBXTargetDependency;
			target = 4203A1F32562D7ED003C3189 /* Parstagram */;
			targetProxy = 4203A2162562D7EE003C3189 /* PBXContainerItemProxy */;
		};
/* End PBXTargetDependency section */

/* Begin PBXVariantGroup section */
		4203A1FD2562D7ED003C3189 /* Main.storyboard */ = {
			isa = PBXVariantGroup;
			children = (
				4203A1FE2562D7ED003C3189 /* Base */,
			);
			name = Main.storyboard;
			sourceTree = "<group>";
		};
		4203A2022562D7EE003C3189 /* LaunchScreen.storyboard */ = {
			isa = PBXVariantGroup;
			children = (
				4203A2032562D7EE003C3189 /* Base */,
			);
			name = LaunchScreen.storyboard;
			sourceTree = "<group>";
		};
/* End PBXVariantGroup section */

/* Begin XCBuildConfiguration section */
		4203A21C2562D7EE003C3189 /* Debug */ = {
			isa = XCBuildConfiguration;
			buildSettings = {
				ALWAYS_SEARCH_USER_PATHS = NO;
				CLANG_ANALYZER_NONNULL = YES;
				CLANG_ANALYZER_NUMBER_OBJECT_CONVERSION = YES_AGGRESSIVE;
				CLANG_CXX_LANGUAGE_STANDARD = "gnu++14";
				CLANG_CXX_LIBRARY = "libc++";
				CLANG_ENABLE_MODULES = YES;
				CLANG_ENABLE_OBJC_ARC = YES;
				CLANG_ENABLE_OBJC_WEAK = YES;
				CLANG_WARN_BLOCK_CAPTURE_AUTORELEASING = YES;
				CLANG_WARN_BOOL_CONVERSION = YES;
				CLANG_WARN_COMMA = YES;
				CLANG_WARN_CONSTANT_CONVERSION = YES;
				CLANG_WARN_DEPRECATED_OBJC_IMPLEMENTATIONS = YES;
				CLANG_WARN_DIRECT_OBJC_ISA_USAGE = YES_ERROR;
				CLANG_WARN_DOCUMENTATION_COMMENTS = YES;
				CLANG_WARN_EMPTY_BODY = YES;
				CLANG_WARN_ENUM_CONVERSION = YES;
				CLANG_WARN_INFINITE_RECURSION = YES;
				CLANG_WARN_INT_CONVERSION = YES;
				CLANG_WARN_NON_LITERAL_NULL_CONVERSION = YES;
				CLANG_WARN_OBJC_IMPLICIT_RETAIN_SELF = YES;
				CLANG_WARN_OBJC_LITERAL_CONVERSION = YES;
				CLANG_WARN_OBJC_ROOT_CLASS = YES_ERROR;
				CLANG_WARN_QUOTED_INCLUDE_IN_FRAMEWORK_HEADER = YES;
				CLANG_WARN_RANGE_LOOP_ANALYSIS = YES;
				CLANG_WARN_STRICT_PROTOTYPES = YES;
				CLANG_WARN_SUSPICIOUS_MOVE = YES;
				CLANG_WARN_UNGUARDED_AVAILABILITY = YES_AGGRESSIVE;
				CLANG_WARN_UNREACHABLE_CODE = YES;
				CLANG_WARN__DUPLICATE_METHOD_MATCH = YES;
				COPY_PHASE_STRIP = NO;
				DEBUG_INFORMATION_FORMAT = dwarf;
				ENABLE_STRICT_OBJC_MSGSEND = YES;
				ENABLE_TESTABILITY = YES;
				GCC_C_LANGUAGE_STANDARD = gnu11;
				GCC_DYNAMIC_NO_PIC = NO;
				GCC_NO_COMMON_BLOCKS = YES;
				GCC_OPTIMIZATION_LEVEL = 0;
				GCC_PREPROCESSOR_DEFINITIONS = (
					"DEBUG=1",
					"$(inherited)",
				);
				GCC_WARN_64_TO_32_BIT_CONVERSION = YES;
				GCC_WARN_ABOUT_RETURN_TYPE = YES_ERROR;
				GCC_WARN_UNDECLARED_SELECTOR = YES;
				GCC_WARN_UNINITIALIZED_AUTOS = YES_AGGRESSIVE;
				GCC_WARN_UNUSED_FUNCTION = YES;
				GCC_WARN_UNUSED_VARIABLE = YES;
				IPHONEOS_DEPLOYMENT_TARGET = 14.1;
				MTL_ENABLE_DEBUG_INFO = INCLUDE_SOURCE;
				MTL_FAST_MATH = YES;
				ONLY_ACTIVE_ARCH = YES;
				SDKROOT = iphoneos;
				SWIFT_ACTIVE_COMPILATION_CONDITIONS = DEBUG;
				SWIFT_OPTIMIZATION_LEVEL = "-Onone";
			};
			name = Debug;
		};
		4203A21D2562D7EE003C3189 /* Release */ = {
			isa = XCBuildConfiguration;
			buildSettings = {
				ALWAYS_SEARCH_USER_PATHS = NO;
				CLANG_ANALYZER_NONNULL = YES;
				CLANG_ANALYZER_NUMBER_OBJECT_CONVERSION = YES_AGGRESSIVE;
				CLANG_CXX_LANGUAGE_STANDARD = "gnu++14";
				CLANG_CXX_LIBRARY = "libc++";
				CLANG_ENABLE_MODULES = YES;
				CLANG_ENABLE_OBJC_ARC = YES;
				CLANG_ENABLE_OBJC_WEAK = YES;
				CLANG_WARN_BLOCK_CAPTURE_AUTORELEASING = YES;
				CLANG_WARN_BOOL_CONVERSION = YES;
				CLANG_WARN_COMMA = YES;
				CLANG_WARN_CONSTANT_CONVERSION = YES;
				CLANG_WARN_DEPRECATED_OBJC_IMPLEMENTATIONS = YES;
				CLANG_WARN_DIRECT_OBJC_ISA_USAGE = YES_ERROR;
				CLANG_WARN_DOCUMENTATION_COMMENTS = YES;
				CLANG_WARN_EMPTY_BODY = YES;
				CLANG_WARN_ENUM_CONVERSION = YES;
				CLANG_WARN_INFINITE_RECURSION = YES;
				CLANG_WARN_INT_CONVERSION = YES;
				CLANG_WARN_NON_LITERAL_NULL_CONVERSION = YES;
				CLANG_WARN_OBJC_IMPLICIT_RETAIN_SELF = YES;
				CLANG_WARN_OBJC_LITERAL_CONVERSION = YES;
				CLANG_WARN_OBJC_ROOT_CLASS = YES_ERROR;
				CLANG_WARN_QUOTED_INCLUDE_IN_FRAMEWORK_HEADER = YES;
				CLANG_WARN_RANGE_LOOP_ANALYSIS = YES;
				CLANG_WARN_STRICT_PROTOTYPES = YES;
				CLANG_WARN_SUSPICIOUS_MOVE = YES;
				CLANG_WARN_UNGUARDED_AVAILABILITY = YES_AGGRESSIVE;
				CLANG_WARN_UNREACHABLE_CODE = YES;
				CLANG_WARN__DUPLICATE_METHOD_MATCH = YES;
				COPY_PHASE_STRIP = NO;
				DEBUG_INFORMATION_FORMAT = "dwarf-with-dsym";
				ENABLE_NS_ASSERTIONS = NO;
				ENABLE_STRICT_OBJC_MSGSEND = YES;
				GCC_C_LANGUAGE_STANDARD = gnu11;
				GCC_NO_COMMON_BLOCKS = YES;
				GCC_WARN_64_TO_32_BIT_CONVERSION = YES;
				GCC_WARN_ABOUT_RETURN_TYPE = YES_ERROR;
				GCC_WARN_UNDECLARED_SELECTOR = YES;
				GCC_WARN_UNINITIALIZED_AUTOS = YES_AGGRESSIVE;
				GCC_WARN_UNUSED_FUNCTION = YES;
				GCC_WARN_UNUSED_VARIABLE = YES;
				IPHONEOS_DEPLOYMENT_TARGET = 14.1;
				MTL_ENABLE_DEBUG_INFO = NO;
				MTL_FAST_MATH = YES;
				SDKROOT = iphoneos;
				SWIFT_COMPILATION_MODE = wholemodule;
				SWIFT_OPTIMIZATION_LEVEL = "-O";
				VALIDATE_PRODUCT = YES;
			};
			name = Release;
		};
		4203A21F2562D7EE003C3189 /* Debug */ = {
			isa = XCBuildConfiguration;
			baseConfigurationReference = 324E9A2BC6F3CB5D53070EEE /* Pods-Parstagram.debug.xcconfig */;
			buildSettings = {
				ASSETCATALOG_COMPILER_APPICON_NAME = AppIcon;
				ASSETCATALOG_COMPILER_GLOBAL_ACCENT_COLOR_NAME = AccentColor;
				CODE_SIGN_STYLE = Automatic;
				INFOPLIST_FILE = Parstagram/Info.plist;
				LD_RUNPATH_SEARCH_PATHS = (
					"$(inherited)",
					"@executable_path/Frameworks",
				);
				PRODUCT_BUNDLE_IDENTIFIER = codepath.Parstagram;
				PRODUCT_NAME = "$(TARGET_NAME)";
				SWIFT_VERSION = 5.0;
				TARGETED_DEVICE_FAMILY = "1,2";
			};
			name = Debug;
		};
		4203A2202562D7EE003C3189 /* Release */ = {
			isa = XCBuildConfiguration;
			baseConfigurationReference = C84C4AF4E7A0B3675BEBE9D8 /* Pods-Parstagram.release.xcconfig */;
			buildSettings = {
				ASSETCATALOG_COMPILER_APPICON_NAME = AppIcon;
				ASSETCATALOG_COMPILER_GLOBAL_ACCENT_COLOR_NAME = AccentColor;
				CODE_SIGN_STYLE = Automatic;
				INFOPLIST_FILE = Parstagram/Info.plist;
				LD_RUNPATH_SEARCH_PATHS = (
					"$(inherited)",
					"@executable_path/Frameworks",
				);
				PRODUCT_BUNDLE_IDENTIFIER = codepath.Parstagram;
				PRODUCT_NAME = "$(TARGET_NAME)";
				SWIFT_VERSION = 5.0;
				TARGETED_DEVICE_FAMILY = "1,2";
			};
			name = Release;
		};
		4203A2222562D7EE003C3189 /* Debug */ = {
			isa = XCBuildConfiguration;
			baseConfigurationReference = 6842358CE1C763AD5D326A09 /* Pods-ParstagramTests.debug.xcconfig */;
			buildSettings = {
				ALWAYS_EMBED_SWIFT_STANDARD_LIBRARIES = YES;
				BUNDLE_LOADER = "$(TEST_HOST)";
				CODE_SIGN_STYLE = Automatic;
				INFOPLIST_FILE = ParstagramTests/Info.plist;
				IPHONEOS_DEPLOYMENT_TARGET = 14.1;
				LD_RUNPATH_SEARCH_PATHS = (
					"$(inherited)",
					"@executable_path/Frameworks",
					"@loader_path/Frameworks",
				);
				PRODUCT_BUNDLE_IDENTIFIER = codepath.ParstagramTests;
				PRODUCT_NAME = "$(TARGET_NAME)";
				SWIFT_VERSION = 5.0;
				TARGETED_DEVICE_FAMILY = "1,2";
				TEST_HOST = "$(BUILT_PRODUCTS_DIR)/Parstagram.app/Parstagram";
			};
			name = Debug;
		};
		4203A2232562D7EE003C3189 /* Release */ = {
			isa = XCBuildConfiguration;
			baseConfigurationReference = 89D0261EB2E701C39E2645F3 /* Pods-ParstagramTests.release.xcconfig */;
			buildSettings = {
				ALWAYS_EMBED_SWIFT_STANDARD_LIBRARIES = YES;
				BUNDLE_LOADER = "$(TEST_HOST)";
				CODE_SIGN_STYLE = Automatic;
				INFOPLIST_FILE = ParstagramTests/Info.plist;
				IPHONEOS_DEPLOYMENT_TARGET = 14.1;
				LD_RUNPATH_SEARCH_PATHS = (
					"$(inherited)",
					"@executable_path/Frameworks",
					"@loader_path/Frameworks",
				);
				PRODUCT_BUNDLE_IDENTIFIER = codepath.ParstagramTests;
				PRODUCT_NAME = "$(TARGET_NAME)";
				SWIFT_VERSION = 5.0;
				TARGETED_DEVICE_FAMILY = "1,2";
				TEST_HOST = "$(BUILT_PRODUCTS_DIR)/Parstagram.app/Parstagram";
			};
			name = Release;
		};
		4203A2252562D7EE003C3189 /* Debug */ = {
			isa = XCBuildConfiguration;
			baseConfigurationReference = 812072C96368E063022F6CE2 /* Pods-Parstagram-ParstagramUITests.debug.xcconfig */;
			buildSettings = {
				ALWAYS_EMBED_SWIFT_STANDARD_LIBRARIES = YES;
				CODE_SIGN_STYLE = Automatic;
				INFOPLIST_FILE = ParstagramUITests/Info.plist;
				LD_RUNPATH_SEARCH_PATHS = (
					"$(inherited)",
					"@executable_path/Frameworks",
					"@loader_path/Frameworks",
				);
				PRODUCT_BUNDLE_IDENTIFIER = codepath.ParstagramUITests;
				PRODUCT_NAME = "$(TARGET_NAME)";
				SWIFT_VERSION = 5.0;
				TARGETED_DEVICE_FAMILY = "1,2";
				TEST_TARGET_NAME = Parstagram;
			};
			name = Debug;
		};
		4203A2262562D7EE003C3189 /* Release */ = {
			isa = XCBuildConfiguration;
			baseConfigurationReference = 0ED1BD2D5CD8ACD5140BBEA2 /* Pods-Parstagram-ParstagramUITests.release.xcconfig */;
			buildSettings = {
				ALWAYS_EMBED_SWIFT_STANDARD_LIBRARIES = YES;
				CODE_SIGN_STYLE = Automatic;
				INFOPLIST_FILE = ParstagramUITests/Info.plist;
				LD_RUNPATH_SEARCH_PATHS = (
					"$(inherited)",
					"@executable_path/Frameworks",
					"@loader_path/Frameworks",
				);
				PRODUCT_BUNDLE_IDENTIFIER = codepath.ParstagramUITests;
				PRODUCT_NAME = "$(TARGET_NAME)";
				SWIFT_VERSION = 5.0;
				TARGETED_DEVICE_FAMILY = "1,2";
				TEST_TARGET_NAME = Parstagram;
			};
			name = Release;
		};
/* End XCBuildConfiguration section */

/* Begin XCConfigurationList section */
		4203A1EF2562D7ED003C3189 /* Build configuration list for PBXProject "Parstagram" */ = {
			isa = XCConfigurationList;
			buildConfigurations = (
				4203A21C2562D7EE003C3189 /* Debug */,
				4203A21D2562D7EE003C3189 /* Release */,
			);
			defaultConfigurationIsVisible = 0;
			defaultConfigurationName = Release;
		};
		4203A21E2562D7EE003C3189 /* Build configuration list for PBXNativeTarget "Parstagram" */ = {
			isa = XCConfigurationList;
			buildConfigurations = (
				4203A21F2562D7EE003C3189 /* Debug */,
				4203A2202562D7EE003C3189 /* Release */,
			);
			defaultConfigurationIsVisible = 0;
			defaultConfigurationName = Release;
		};
		4203A2212562D7EE003C3189 /* Build configuration list for PBXNativeTarget "ParstagramTests" */ = {
			isa = XCConfigurationList;
			buildConfigurations = (
				4203A2222562D7EE003C3189 /* Debug */,
				4203A2232562D7EE003C3189 /* Release */,
			);
			defaultConfigurationIsVisible = 0;
			defaultConfigurationName = Release;
		};
		4203A2242562D7EE003C3189 /* Build configuration list for PBXNativeTarget "ParstagramUITests" */ = {
			isa = XCConfigurationList;
			buildConfigurations = (
				4203A2252562D7EE003C3189 /* Debug */,
				4203A2262562D7EE003C3189 /* Release */,
			);
			defaultConfigurationIsVisible = 0;
			defaultConfigurationName = Release;
		};
/* End XCConfigurationList section */
	};
	rootObject = 4203A1EC2562D7ED003C3189 /* Project object */;
}
